
Microsoft Visual Studio Solution File, Format Version 12.00
# Visual Studio 2013
VisualStudioVersion = 12.0.21005.1
MinimumVisualStudioVersion = 10.0.40219.1
Project("{FAE04EC0-301F-11D3-BF4B-00C04F79EFBC}") = "Sisjuri", "Sisjuri\Sisjuri.csproj", "{7E25CBEB-C210-4C35-9D5E-4A9239E8599D}"
EndProject
Project("{FAE04EC0-301F-11D3-BF4B-00C04F79EFBC}") = "TesteCriptografia", "TesteCriptografia\TesteCriptografia.csproj", "{31072556-4126-47FB-8251-627B9E208034}"
EndProject
Global
	GlobalSection(SolutionConfigurationPlatforms) = preSolution
		Debug|Any CPU = Debug|Any CPU
		Release|Any CPU = Release|Any CPU
	EndGlobalSection
	GlobalSection(ProjectConfigurationPlatforms) = postSolution
		{7E25CBEB-C210-4C35-9D5E-4A9239E8599D}.Debug|Any CPU.ActiveCfg = Debug|Any CPU
		{7E25CBEB-C210-4C35-9D5E-4A9239E8599D}.Debug|Any CPU.Build.0 = Debug|Any CPU
		{7E25CBEB-C210-4C35-9D5E-4A9239E8599D}.Release|Any CPU.ActiveCfg = Release|Any CPU
		{7E25CBEB-C210-4C35-9D5E-4A9239E8599D}.Release|Any CPU.Build.0 = Release|Any CPU
		{31072556-4126-47FB-8251-627B9E208034}.Debug|Any CPU.ActiveCfg = Debug|Any CPU
		{31072556-4126-47FB-8251-627B9E208034}.Debug|Any CPU.Build.0 = Debug|Any CPU
		{31072556-4126-47FB-8251-627B9E208034}.Release|Any CPU.ActiveCfg = Release|Any CPU
		{31072556-4126-47FB-8251-627B9E208034}.Release|Any CPU.Build.0 = Release|Any CPU
	EndGlobalSection
	GlobalSection(SolutionProperties) = preSolution
		HideSolutionNode = FALSE
	EndGlobalSection
EndGlobal
